// !$*UTF8*$!
{
	archiveVersion = 1;
	classes = {
	};
	objectVersion = 46;
	objects = {

/* Begin PBXBuildFile section */
		7B9F72DB1C76E88F000D7955 /* main.m in Sources */ = {isa = PBXBuildFile; fileRef = 7B9F72DA1C76E88F000D7955 /* main.m */; };
		7BA244481CA8BC6500DD473A /* B.m in Sources */ = {isa = PBXBuildFile; fileRef = 7BA244471CA8BC6500DD473A /* B.m */; };
		7BA2444B1CA8C0D300DD473A /* Me.m in Sources */ = {isa = PBXBuildFile; fileRef = 7BA2444A1CA8C0D300DD473A /* Me.m */; };
/* End PBXBuildFile section */

/* Begin PBXCopyFilesBuildPhase section */
		7B9F72D51C76E88F000D7955 /* CopyFiles */ = {
			isa = PBXCopyFilesBuildPhase;
			buildActionMask = 2147483647;
			dstPath = /usr/share/man/man1/;
			dstSubfolderSpec = 0;
			files = (
			);
			runOnlyForDeploymentPostprocessing = 1;
		};
/* End PBXCopyFilesBuildPhase section */

/* Begin PBXFileReference section */
		7B9F72D71C76E88F000D7955 /* OCLearning */ = {isa = PBXFileReference; explicitFileType = "compiled.mach-o.executable"; includeInIndex = 0; path = OCLearning; sourceTree = BUILT_PRODUCTS_DIR; };
		7B9F72DA1C76E88F000D7955 /* main.m */ = {isa = PBXFileReference; lastKnownFileType = sourcecode.c.objc; path = main.m; sourceTree = "<group>"; };
		7BA244461CA8BC6500DD473A /* B.h */ = {isa = PBXFileReference; fileEncoding = 4; lastKnownFileType = sourcecode.c.h; path = B.h; sourceTree = "<group>"; };
		7BA244471CA8BC6500DD473A /* B.m */ = {isa = PBXFileReference; fileEncoding = 4; lastKnownFileType = sourcecode.c.objc; path = B.m; sourceTree = "<group>"; };
		7BA244491CA8C0D300DD473A /* Me.h */ = {isa = PBXFileReference; fileEncoding = 4; lastKnownFileType = sourcecode.c.h; path = Me.h; sourceTree = "<group>"; };
		7BA2444A1CA8C0D300DD473A /* Me.m */ = {isa = PBXFileReference; fileEncoding = 4; lastKnownFileType = sourcecode.c.objc; path = Me.m; sourceTree = "<group>"; };
/* End PBXFileReference section */

/* Begin PBXFrameworksBuildPhase section */
		7B9F72D41C76E88F000D7955 /* Frameworks */ = {
			isa = PBXFrameworksBuildPhase;
			buildActionMask = 2147483647;
			files = (
			);
			runOnlyForDeploymentPostprocessing = 0;
		};
/* End PBXFrameworksBuildPhase section */

/* Begin PBXGroup section */
		7B9F72CE1C76E88F000D7955 = {
			isa = PBXGroup;
			children = (
				7B9F72D91C76E88F000D7955 /* OCLearning */,
				7B9F72D81C76E88F000D7955 /* Products */,
			);
			sourceTree = "<group>";
		};
		7B9F72D81C76E88F000D7955 /* Products */ = {
			isa = PBXGroup;
			children = (
				7B9F72D71C76E88F000D7955 /* OCLearning */,
			);
			name = Products;
			sourceTree = "<group>";
		};
		7B9F72D91C76E88F000D7955 /* OCLearning */ = {
			isa = PBXGroup;
			children = (
				7B9F72DA1C76E88F000D7955 /* main.m */,
				7BA244461CA8BC6500DD473A /* B.h */,
				7BA244471CA8BC6500DD473A /* B.m */,
				7BA244491CA8C0D300DD473A /* Me.h */,
				7BA2444A1CA8C0D300DD473A /* Me.m */,
			);
			path = OCLearning;
			sourceTree = "<group>";
		};
/* End PBXGroup section */

/* Begin PBXNativeTarget section */
		7B9F72D61C76E88F000D7955 /* OCLearning */ = {
			isa = PBXNativeTarget;
			buildConfigurationList = 7B9F72DE1C76E88F000D7955 /* Build configuration list for PBXNativeTarget "OCLearning" */;
			buildPhases = (
				7B9F72D31C76E88F000D7955 /* Sources */,
				7B9F72D41C76E88F000D7955 /* Frameworks */,
				7B9F72D51C76E88F000D7955 /* CopyFiles */,
			);
			buildRules = (
			);
			dependencies = (
			);
			name = OCLearning;
			productName = OCLearning;
			productReference = 7B9F72D71C76E88F000D7955 /* OCLearning */;
			productType = "com.apple.product-type.tool";
		};
/* End PBXNativeTarget section */

/* Begin PBXProject section */
		7B9F72CF1C76E88F000D7955 /* Project object */ = {
			isa = PBXProject;
			attributes = {
				LastUpgradeCheck = 0720;
				ORGANIZATIONNAME = "john's mac　　　　";
				TargetAttributes = {
					7B9F72D61C76E88F000D7955 = {
						CreatedOnToolsVersion = 7.2;
					};
				};
			};
			buildConfigurationList = 7B9F72D21C76E88F000D7955 /* Build configuration list for PBXProject "OCLearning" */;
			compatibilityVersion = "Xcode 3.2";
			developmentRegion = English;
			hasScannedForEncodings = 0;
			knownRegions = (
				en,
			);
			mainGroup = 7B9F72CE1C76E88F000D7955;
			productRefGroup = 7B9F72D81C76E88F000D7955 /* Products */;
			projectDirPath = "";
			projectRoot = "";
			targets = (
				7B9F72D61C76E88F000D7955 /* OCLearning */,
			);
		};
/* End PBXProject section */

/* Begin PBXSourcesBuildPhase section */
		7B9F72D31C76E88F000D7955 /* Sources */ = {
			isa = PBXSourcesBuildPhase;
			buildActionMask = 2147483647;
			files = (
				7BA2444B1CA8C0D300DD473A /* Me.m in Sources */,
				7BA244481CA8BC6500DD473A /* B.m in Sources */,
				7B9F72DB1C76E88F000D7955 /* main.m in Sources */,
			);
			runOnlyForDeploymentPostprocessing = 0;
		};
/* End PBXSourcesBuildPhase section */

/* Begin XCBuildConfiguration section */
		7B9F72DC1C76E88F000D7955 /* Debug */ = {
			isa = XCBuildConfiguration;
			buildSettings = {
				ALWAYS_SEARCH_USER_PATHS = NO;
				CLANG_CXX_LANGUAGE_STANDARD = "gnu++0x";
				CLANG_CXX_LIBRARY = "libc++";
				CLANG_ENABLE_MODULES = YES;
				CLANG_ENABLE_OBJC_ARC = YES;
				CLANG_WARN_BOOL_CONVERSION = YES;
				CLANG_WARN_CONSTANT_CONVERSION = YES;
				CLANG_WARN_DIRECT_OBJC_ISA_USAGE = YES_ERROR;
				CLANG_WARN_EMPTY_BODY = YES;
				CLANG_WARN_ENUM_CONVERSION = YES;
				CLANG_WARN_INT_CONVERSION = YES;
				CLANG_WARN_OBJC_ROOT_CLASS = YES_ERROR;
				CLANG_WARN_UNREACHABLE_CODE = YES;
				CLANG_WARN__DUPLICATE_METHOD_MATCH = YES;
				CODE_SIGN_IDENTITY = "-";
				COPY_PHASE_STRIP = NO;
				DEBUG_INFORMATION_FORMAT = dwarf;
				ENABLE_STRICT_OBJC_MSGSEND = YES;
				ENABLE_TESTABILITY = YES;
				GCC_C_LANGUAGE_STANDARD = gnu99;
				GCC_DYNAMIC_NO_PIC = NO;
				GCC_NO_COMMON_BLOCKS = YES;
				GCC_OPTIMIZATION_LEVEL = 0;
				GCC_PREPROCESSOR_DEFINITIONS = (
					"DEBUG=1",
					"$(inherited)",
				);
				GCC_WARN_64_TO_32_BIT_CONVERSION = YES;
				GCC_WARN_ABOUT_RETURN_TYPE = YES_ERROR;
				GCC_WARN_UNDECLARED_SELECTOR = YES;
				GCC_WARN_UNINITIALIZED_AUTOS = YES_AGGRESSIVE;
				GCC_WARN_UNUSED_FUNCTION = YES;
				GCC_WARN_UNUSED_VARIABLE = YES;
				MACOSX_DEPLOYMENT_TARGET = 10.11;
				MTL_ENABLE_DEBUG_INFO = YES;
				ONLY_ACTIVE_ARCH = YES;
				SDKROOT = macosx;
			};
			name = Debug;
		};
		7B9F72DD1C76E88F000D7955 /* Release */ = {
			isa = XCBuildConfiguration;
			buildSettings = {
				ALWAYS_SEARCH_USER_PATHS = NO;
				CLANG_CXX_LANGUAGE_STANDARD = "gnu++0x";
				CLANG_CXX_LIBRARY = "libc++";
				CLANG_ENABLE_MODULES = YES;
				CLANG_ENABLE_OBJC_ARC = YES;
				CLANG_WARN_BOOL_CONVERSION = YES;
				CLANG_WARN_CONSTANT_CONVERSION = YES;
				CLANG_WARN_DIRECT_OBJC_ISA_USAGE = YES_ERROR;
				CLANG_WARN_EMPTY_BODY = YES;
				CLANG_WARN_ENUM_CONVERSION = YES;
				CLANG_WARN_INT_CONVERSION = YES;
				CLANG_WARN_OBJC_ROOT_CLASS = YES_ERROR;
				CLANG_WARN_UNREACHABLE_CODE = YES;
				CLANG_WARN__DUPLICATE_METHOD_MATCH = YES;
				CODE_SIGN_IDENTITY = "-";
				COPY_PHASE_STRIP = NO;
				DEBUG_INFORMATION_FORMAT = "dwarf-with-dsym";
				ENABLE_NS_ASSERTIONS = NO;
				ENABLE_STRICT_OBJC_MSGSEND = YES;
				GCC_C_LANGUAGE_STANDARD = gnu99;
				GCC_NO_COMMON_BLOCKS = YES;
				GCC_WARN_64_TO_32_BIT_CONVERSION = YES;
				GCC_WARN_ABOUT_RETURN_TYPE = YES_ERROR;
				GCC_WARN_UNDECLARED_SELECTOR = YES;
				GCC_WARN_UNINITIALIZED_AUTOS = YES_AGGRESSIVE;
				GCC_WARN_UNUSED_FUNCTION = YES;
				GCC_WARN_UNUSED_VARIABLE = YES;
				MACOSX_DEPLOYMENT_TARGET = 10.11;
				MTL_ENABLE_DEBUG_INFO = NO;
				SDKROOT = macosx;
			};
			name = Release;
		};
		7B9F72DF1C76E88F000D7955 /* Debug */ = {
			isa = XCBuildConfiguration;
			buildSettings = {
				PRODUCT_NAME = "$(TARGET_NAME)";
			};
			name = Debug;
		};
		7B9F72E01C76E88F000D7955 /* Release */ = {
			isa = XCBuildConfiguration;
			buildSettings = {
				PRODUCT_NAME = "$(TARGET_NAME)";
			};
			name = Release;
		};
/* End XCBuildConfiguration section */

/* Begin XCConfigurationList section */
		7B9F72D21C76E88F000D7955 /* Build configuration list for PBXProject "OCLearning" */ = {
			isa = XCConfigurationList;
			buildConfigurations = (
				7B9F72DC1C76E88F000D7955 /* Debug */,
				7B9F72DD1C76E88F000D7955 /* Release */,
			);
			defaultConfigurationIsVisible = 0;
			defaultConfigurationName = Release;
		};
		7B9F72DE1C76E88F000D7955 /* Build configuration list for PBXNativeTarget "OCLearning" */ = {
			isa = XCConfigurationList;
			buildConfigurations = (
				7B9F72DF1C76E88F000D7955 /* Debug */,
				7B9F72E01C76E88F000D7955 /* Release */,
			);
			defaultConfigurationIsVisible = 0;
			defaultConfigurationName = Release;
		};
/* End XCConfigurationList section */
	};
	rootObject = 7B9F72CF1C76E88F000D7955 /* Project object */;
}
